
Microsoft Visual Studio Solution File, Format Version 12.00
# Visual Studio Version 17
VisualStudioVersion = 17.1.32210.238
MinimumVisualStudioVersion = 10.0.40219.1
Project("{2150E333-8FDC-42A3-9474-1A3956D46DE8}") = "04", "04", "{FA6AE143-B927-4EF2-9F88-2CE1D6524FB6}"
EndProject
Project("{9A19103F-16F7-4668-BE54-9A1E7A4F7556}") = "Ex04_01", "04\Ex04_01\Ex04_01.csproj", "{ACB3ABC5-62DD-47B9-8BFA-F87B00A7075A}"
EndProject
Project("{9A19103F-16F7-4668-BE54-9A1E7A4F7556}") = "Ex04_02", "04\Ex04_02\Ex04_02.csproj", "{290F66E8-9E2D-4BB0-843E-0E156F508D13}"
EndProject
Project("{2150E333-8FDC-42A3-9474-1A3956D46DE8}") = "05", "05", "{2194276B-D7CF-468A-8064-A35890765C95}"
EndProject
Project("{9A19103F-16F7-4668-BE54-9A1E7A4F7556}") = "Ex05_01", "05\Ex05_01\Ex05_01.csproj", "{3734DADA-4309-4630-9170-7A9745176B33}"
EndProject
Project("{9A19103F-16F7-4668-BE54-9A1E7A4F7556}") = "Ex05_02", "05\Ex05_02\Ex05_02.csproj", "{AFD4C461-09EF-4A1E-9871-ED5C8E56DC69}"
EndProject
Project("{9A19103F-16F7-4668-BE54-9A1E7A4F7556}") = "Ex05_03", "05\Ex05_03\Ex05_03.csproj", "{E224190A-0A70-42A5-9F94-CBBBCC45B438}"
EndProject
Project("{2150E333-8FDC-42A3-9474-1A3956D46DE8}") = "07", "07", "{46D813A7-D86C-4FF9-97BD-8B2C6B3AAF83}"
EndProject
Project("{9A19103F-16F7-4668-BE54-9A1E7A4F7556}") = "Ex07_01", "07\Ex07_01\Ex07_01.csproj", "{5E90D8A4-4C1A-4023-AE54-1F6E5BC8D811}"
EndProject
Project("{2150E333-8FDC-42A3-9474-1A3956D46DE8}") = "08", "08", "{6C066C1D-7D3E-4D79-AAAF-0902C5E28105}"
EndProject
Project("{9A19103F-16F7-4668-BE54-9A1E7A4F7556}") = "Ex08_01", "08\Ex08_01\Ex08_01.csproj", "{EE8774E2-69DF-4DF5-B6F1-49B88F076AE7}"
EndProject
Project("{9A19103F-16F7-4668-BE54-9A1E7A4F7556}") = "Ex08_02", "08\Ex08_02\Ex08_02.csproj", "{9B052594-225B-43E4-8BD5-99D6D7BED8DF}"
EndProject
Project("{9A19103F-16F7-4668-BE54-9A1E7A4F7556}") = "Ex08_03", "08\Ex08_03\Ex08_03.csproj", "{F3A5A43A-0C5C-4116-9458-99F85E404298}"
EndProject
Project("{9A19103F-16F7-4668-BE54-9A1E7A4F7556}") = "Ex08_04", "08\Ex08_04\Ex08_04.csproj", "{2E5ADD0D-AA20-43A0-8685-4C4C3C44A58F}"
EndProject
Project("{9A19103F-16F7-4668-BE54-9A1E7A4F7556}") = "Ex08_05", "08\Ex08_05\Ex08_05.csproj", "{773304EA-62ED-44FE-A5EB-AD073B74F768}"
EndProject
Project("{2150E333-8FDC-42A3-9474-1A3956D46DE8}") = "09", "09", "{0A28E148-2A4B-402E-A891-024005C9BF14}"
EndProject
Project("{9A19103F-16F7-4668-BE54-9A1E7A4F7556}") = "Ex09_01", "09\Ex09_01\Ex09_01.csproj", "{B80373A1-1733-4548-A920-EF709B2DB5E7}"
EndProject
Project("{9A19103F-16F7-4668-BE54-9A1E7A4F7556}") = "Ex09_02", "09\Ex09_02\Ex09_02.csproj", "{5545F46A-D53B-4E68-97AC-B43697AA0007}"
EndProject
Project("{2150E333-8FDC-42A3-9474-1A3956D46DE8}") = "10", "10", "{849764C1-6F0C-4090-BF6D-2EDFB8DC3579}"
EndProject
Project("{9A19103F-16F7-4668-BE54-9A1E7A4F7556}") = "Ex10_01", "10\Ex10_01\Ex10_01.csproj", "{76A7D754-F89B-4FBC-BEB8-76DA3BC1EF98}"
EndProject
Project("{9A19103F-16F7-4668-BE54-9A1E7A4F7556}") = "Ex10_02", "10\Ex10_02\Ex10_02.csproj", "{43B90B31-3DC7-4998-89F8-FD4A4E528526}"
EndProject
Project("{2150E333-8FDC-42A3-9474-1A3956D46DE8}") = "11", "11", "{197088CC-594E-42F1-BAD6-5B3374CCD5E9}"
EndProject
Project("{9A19103F-16F7-4668-BE54-9A1E7A4F7556}") = "Ex11_01", "11\Ex11_01\Ex11_01.csproj", "{660F419A-581A-437D-B1B3-866F2DB07893}"
EndProject
Project("{2150E333-8FDC-42A3-9474-1A3956D46DE8}") = "12", "12", "{97DF5E24-82C1-46A3-87C5-0F844F486A4A}"
EndProject
Project("{9A19103F-16F7-4668-BE54-9A1E7A4F7556}") = "Ex12_01", "12\Ex12_01\Ex12_01.csproj", "{01DBADDB-53DC-4B54-8051-0296113B00F8}"
EndProject
Project("{9A19103F-16F7-4668-BE54-9A1E7A4F7556}") = "Ex12_02", "12\Ex12_02\Ex12_02.csproj", "{78CB191F-B7AF-407E-B331-DBAB6FA5579E}"
EndProject
Project("{2150E333-8FDC-42A3-9474-1A3956D46DE8}") = "13", "13", "{355E7C8F-20D3-49F7-925C-E4DBBE411881}"
EndProject
Project("{9A19103F-16F7-4668-BE54-9A1E7A4F7556}") = "Ex13_01", "13\Ex13_01\Ex13_01.csproj", "{6AFABADC-CF93-40DF-9B60-0AA80DA254C8}"
EndProject
Project("{2150E333-8FDC-42A3-9474-1A3956D46DE8}") = "14", "14", "{C5F051D7-D714-4802-99A5-3676ACB0DDD4}"
EndProject
Project("{9A19103F-16F7-4668-BE54-9A1E7A4F7556}") = "Ex14_01", "14\Ex14_01\Ex14_01.csproj", "{63DF783B-7AF2-4C52-A444-88E0B6520C48}"
EndProject
Project("{9A19103F-16F7-4668-BE54-9A1E7A4F7556}") = "Ex14_02", "14\Ex14_02\Ex14_02.csproj", "{915798DE-7418-4FE4-8436-0C1B957DF4CD}"
EndProject
Project("{2150E333-8FDC-42A3-9474-1A3956D46DE8}") = "15", "15", "{030CC8E5-E5FB-46F6-AD5F-6D2AF7F1D2A8}"
EndProject
Project("{9A19103F-16F7-4668-BE54-9A1E7A4F7556}") = "Ex15_01", "15\Ex15_01\Ex15_01.csproj", "{08C7BB1E-254D-4CA7-88C7-E61629CD92FD}"
EndProject
Project("{9A19103F-16F7-4668-BE54-9A1E7A4F7556}") = "Ex15_02", "15\Ex15_02\Ex15_02.csproj", "{829A5C85-7474-4DAC-B30B-A82AA9C7E488}"
EndProject
Project("{2150E333-8FDC-42A3-9474-1A3956D46DE8}") = "16", "16", "{98C4CD00-3BE5-4D36-B478-CCECE799BD13}"
EndProject
Project("{9A19103F-16F7-4668-BE54-9A1E7A4F7556}") = "Ex16_01", "16\Ex16_01\Ex16_01.csproj", "{9F7A9C9A-E466-4B70-A26E-4EE082BE44D5}"
EndProject
Project("{9A19103F-16F7-4668-BE54-9A1E7A4F7556}") = "Ex16_02", "16\Ex16_02\Ex16_02.csproj", "{1329C036-CD36-40C1-86E4-A004B967A4CA}"
EndProject
Project("{2150E333-8FDC-42A3-9474-1A3956D46DE8}") = "18", "18", "{64E66351-0627-48A9-A425-87F8F3EB81B6}"
EndProject
Project("{9A19103F-16F7-4668-BE54-9A1E7A4F7556}") = "Ex18", "18\Ex18\Ex18.csproj", "{E837BB76-E897-406B-8A40-179531E53091}"
EndProject
Project("{2150E333-8FDC-42A3-9474-1A3956D46DE8}") = "17", "17", "{7A62C406-B648-4806-AD91-B3FD6E0554D6}"
EndProject
Project("{FAE04EC0-301F-11D3-BF4B-00C04F79EFBC}") = "Ex17_01", "17\Ex17_01\Ex17_01.csproj", "{98028C61-D27B-4F9C-AF86-56BA002175EB}"
EndProject
Global
	GlobalSection(SolutionConfigurationPlatforms) = preSolution
		Debug|Any CPU = Debug|Any CPU
		Release|Any CPU = Release|Any CPU
	EndGlobalSection
	GlobalSection(ProjectConfigurationPlatforms) = postSolution
		{ACB3ABC5-62DD-47B9-8BFA-F87B00A7075A}.Debug|Any CPU.ActiveCfg = Debug|Any CPU
		{ACB3ABC5-62DD-47B9-8BFA-F87B00A7075A}.Debug|Any CPU.Build.0 = Debug|Any CPU
		{ACB3ABC5-62DD-47B9-8BFA-F87B00A7075A}.Release|Any CPU.ActiveCfg = Release|Any CPU
		{ACB3ABC5-62DD-47B9-8BFA-F87B00A7075A}.Release|Any CPU.Build.0 = Release|Any CPU
		{290F66E8-9E2D-4BB0-843E-0E156F508D13}.Debug|Any CPU.ActiveCfg = Debug|Any CPU
		{290F66E8-9E2D-4BB0-843E-0E156F508D13}.Debug|Any CPU.Build.0 = Debug|Any CPU
		{290F66E8-9E2D-4BB0-843E-0E156F508D13}.Release|Any CPU.ActiveCfg = Release|Any CPU
		{290F66E8-9E2D-4BB0-843E-0E156F508D13}.Release|Any CPU.Build.0 = Release|Any CPU
		{3734DADA-4309-4630-9170-7A9745176B33}.Debug|Any CPU.ActiveCfg = Debug|Any CPU
		{3734DADA-4309-4630-9170-7A9745176B33}.Debug|Any CPU.Build.0 = Debug|Any CPU
		{3734DADA-4309-4630-9170-7A9745176B33}.Release|Any CPU.ActiveCfg = Release|Any CPU
		{3734DADA-4309-4630-9170-7A9745176B33}.Release|Any CPU.Build.0 = Release|Any CPU
		{AFD4C461-09EF-4A1E-9871-ED5C8E56DC69}.Debug|Any CPU.ActiveCfg = Debug|Any CPU
		{AFD4C461-09EF-4A1E-9871-ED5C8E56DC69}.Debug|Any CPU.Build.0 = Debug|Any CPU
		{AFD4C461-09EF-4A1E-9871-ED5C8E56DC69}.Release|Any CPU.ActiveCfg = Release|Any CPU
		{AFD4C461-09EF-4A1E-9871-ED5C8E56DC69}.Release|Any CPU.Build.0 = Release|Any CPU
		{E224190A-0A70-42A5-9F94-CBBBCC45B438}.Debug|Any CPU.ActiveCfg = Debug|Any CPU
		{E224190A-0A70-42A5-9F94-CBBBCC45B438}.Debug|Any CPU.Build.0 = Debug|Any CPU
		{E224190A-0A70-42A5-9F94-CBBBCC45B438}.Release|Any CPU.ActiveCfg = Release|Any CPU
		{E224190A-0A70-42A5-9F94-CBBBCC45B438}.Release|Any CPU.Build.0 = Release|Any CPU
		{5E90D8A4-4C1A-4023-AE54-1F6E5BC8D811}.Debug|Any CPU.ActiveCfg = Debug|Any CPU
		{5E90D8A4-4C1A-4023-AE54-1F6E5BC8D811}.Debug|Any CPU.Build.0 = Debug|Any CPU
		{5E90D8A4-4C1A-4023-AE54-1F6E5BC8D811}.Release|Any CPU.ActiveCfg = Release|Any CPU
		{5E90D8A4-4C1A-4023-AE54-1F6E5BC8D811}.Release|Any CPU.Build.0 = Release|Any CPU
		{EE8774E2-69DF-4DF5-B6F1-49B88F076AE7}.Debug|Any CPU.ActiveCfg = Debug|Any CPU
		{EE8774E2-69DF-4DF5-B6F1-49B88F076AE7}.Debug|Any CPU.Build.0 = Debug|Any CPU
		{EE8774E2-69DF-4DF5-B6F1-49B88F076AE7}.Release|Any CPU.ActiveCfg = Release|Any CPU
		{EE8774E2-69DF-4DF5-B6F1-49B88F076AE7}.Release|Any CPU.Build.0 = Release|Any CPU
		{9B052594-225B-43E4-8BD5-99D6D7BED8DF}.Debug|Any CPU.ActiveCfg = Debug|Any CPU
		{9B052594-225B-43E4-8BD5-99D6D7BED8DF}.Debug|Any CPU.Build.0 = Debug|Any CPU
		{9B052594-225B-43E4-8BD5-99D6D7BED8DF}.Release|Any CPU.ActiveCfg = Release|Any CPU
		{9B052594-225B-43E4-8BD5-99D6D7BED8DF}.Release|Any CPU.Build.0 = Release|Any CPU
		{F3A5A43A-0C5C-4116-9458-99F85E404298}.Debug|Any CPU.ActiveCfg = Debug|Any CPU
		{F3A5A43A-0C5C-4116-9458-99F85E404298}.Debug|Any CPU.Build.0 = Debug|Any CPU
		{F3A5A43A-0C5C-4116-9458-99F85E404298}.Release|Any CPU.ActiveCfg = Release|Any CPU
		{F3A5A43A-0C5C-4116-9458-99F85E404298}.Release|Any CPU.Build.0 = Release|Any CPU
		{2E5ADD0D-AA20-43A0-8685-4C4C3C44A58F}.Debug|Any CPU.ActiveCfg = Debug|Any CPU
		{2E5ADD0D-AA20-43A0-8685-4C4C3C44A58F}.Debug|Any CPU.Build.0 = Debug|Any CPU
		{2E5ADD0D-AA20-43A0-8685-4C4C3C44A58F}.Release|Any CPU.ActiveCfg = Release|Any CPU
		{2E5ADD0D-AA20-43A0-8685-4C4C3C44A58F}.Release|Any CPU.Build.0 = Release|Any CPU
		{773304EA-62ED-44FE-A5EB-AD073B74F768}.Debug|Any CPU.ActiveCfg = Debug|Any CPU
		{773304EA-62ED-44FE-A5EB-AD073B74F768}.Debug|Any CPU.Build.0 = Debug|Any CPU
		{773304EA-62ED-44FE-A5EB-AD073B74F768}.Release|Any CPU.ActiveCfg = Release|Any CPU
		{773304EA-62ED-44FE-A5EB-AD073B74F768}.Release|Any CPU.Build.0 = Release|Any CPU
		{B80373A1-1733-4548-A920-EF709B2DB5E7}.Debug|Any CPU.ActiveCfg = Debug|Any CPU
		{B80373A1-1733-4548-A920-EF709B2DB5E7}.Debug|Any CPU.Build.0 = Debug|Any CPU
		{B80373A1-1733-4548-A920-EF709B2DB5E7}.Release|Any CPU.ActiveCfg = Release|Any CPU
		{B80373A1-1733-4548-A920-EF709B2DB5E7}.Release|Any CPU.Build.0 = Release|Any CPU
		{5545F46A-D53B-4E68-97AC-B43697AA0007}.Debug|Any CPU.ActiveCfg = Debug|Any CPU
		{5545F46A-D53B-4E68-97AC-B43697AA0007}.Debug|Any CPU.Build.0 = Debug|Any CPU
		{5545F46A-D53B-4E68-97AC-B43697AA0007}.Release|Any CPU.ActiveCfg = Release|Any CPU
		{5545F46A-D53B-4E68-97AC-B43697AA0007}.Release|Any CPU.Build.0 = Release|Any CPU
		{76A7D754-F89B-4FBC-BEB8-76DA3BC1EF98}.Debug|Any CPU.ActiveCfg = Debug|Any CPU
		{76A7D754-F89B-4FBC-BEB8-76DA3BC1EF98}.Debug|Any CPU.Build.0 = Debug|Any CPU
		{76A7D754-F89B-4FBC-BEB8-76DA3BC1EF98}.Release|Any CPU.ActiveCfg = Release|Any CPU
		{76A7D754-F89B-4FBC-BEB8-76DA3BC1EF98}.Release|Any CPU.Build.0 = Release|Any CPU
		{43B90B31-3DC7-4998-89F8-FD4A4E528526}.Debug|Any CPU.ActiveCfg = Debug|Any CPU
		{43B90B31-3DC7-4998-89F8-FD4A4E528526}.Debug|Any CPU.Build.0 = Debug|Any CPU
		{43B90B31-3DC7-4998-89F8-FD4A4E528526}.Release|Any CPU.ActiveCfg = Release|Any CPU
		{43B90B31-3DC7-4998-89F8-FD4A4E528526}.Release|Any CPU.Build.0 = Release|Any CPU
		{660F419A-581A-437D-B1B3-866F2DB07893}.Debug|Any CPU.ActiveCfg = Debug|Any CPU
		{660F419A-581A-437D-B1B3-866F2DB07893}.Debug|Any CPU.Build.0 = Debug|Any CPU
		{660F419A-581A-437D-B1B3-866F2DB07893}.Release|Any CPU.ActiveCfg = Release|Any CPU
		{660F419A-581A-437D-B1B3-866F2DB07893}.Release|Any CPU.Build.0 = Release|Any CPU
		{01DBADDB-53DC-4B54-8051-0296113B00F8}.Debug|Any CPU.ActiveCfg = Debug|Any CPU
		{01DBADDB-53DC-4B54-8051-0296113B00F8}.Debug|Any CPU.Build.0 = Debug|Any CPU
		{01DBADDB-53DC-4B54-8051-0296113B00F8}.Release|Any CPU.ActiveCfg = Release|Any CPU
		{01DBADDB-53DC-4B54-8051-0296113B00F8}.Release|Any CPU.Build.0 = Release|Any CPU
		{78CB191F-B7AF-407E-B331-DBAB6FA5579E}.Debug|Any CPU.ActiveCfg = Debug|Any CPU
		{78CB191F-B7AF-407E-B331-DBAB6FA5579E}.Debug|Any CPU.Build.0 = Debug|Any CPU
		{78CB191F-B7AF-407E-B331-DBAB6FA5579E}.Release|Any CPU.ActiveCfg = Release|Any CPU
		{78CB191F-B7AF-407E-B331-DBAB6FA5579E}.Release|Any CPU.Build.0 = Release|Any CPU
		{6AFABADC-CF93-40DF-9B60-0AA80DA254C8}.Debug|Any CPU.ActiveCfg = Debug|Any CPU
		{6AFABADC-CF93-40DF-9B60-0AA80DA254C8}.Debug|Any CPU.Build.0 = Debug|Any CPU
		{6AFABADC-CF93-40DF-9B60-0AA80DA254C8}.Release|Any CPU.ActiveCfg = Release|Any CPU
		{6AFABADC-CF93-40DF-9B60-0AA80DA254C8}.Release|Any CPU.Build.0 = Release|Any CPU
		{63DF783B-7AF2-4C52-A444-88E0B6520C48}.Debug|Any CPU.ActiveCfg = Debug|Any CPU
		{63DF783B-7AF2-4C52-A444-88E0B6520C48}.Debug|Any CPU.Build.0 = Debug|Any CPU
		{63DF783B-7AF2-4C52-A444-88E0B6520C48}.Release|Any CPU.ActiveCfg = Release|Any CPU
		{63DF783B-7AF2-4C52-A444-88E0B6520C48}.Release|Any CPU.Build.0 = Release|Any CPU
		{915798DE-7418-4FE4-8436-0C1B957DF4CD}.Debug|Any CPU.ActiveCfg = Debug|Any CPU
		{915798DE-7418-4FE4-8436-0C1B957DF4CD}.Debug|Any CPU.Build.0 = Debug|Any CPU
		{915798DE-7418-4FE4-8436-0C1B957DF4CD}.Release|Any CPU.ActiveCfg = Release|Any CPU
		{915798DE-7418-4FE4-8436-0C1B957DF4CD}.Release|Any CPU.Build.0 = Release|Any CPU
		{08C7BB1E-254D-4CA7-88C7-E61629CD92FD}.Debug|Any CPU.ActiveCfg = Debug|Any CPU
		{08C7BB1E-254D-4CA7-88C7-E61629CD92FD}.Debug|Any CPU.Build.0 = Debug|Any CPU
		{08C7BB1E-254D-4CA7-88C7-E61629CD92FD}.Release|Any CPU.ActiveCfg = Release|Any CPU
		{08C7BB1E-254D-4CA7-88C7-E61629CD92FD}.Release|Any CPU.Build.0 = Release|Any CPU
		{829A5C85-7474-4DAC-B30B-A82AA9C7E488}.Debug|Any CPU.ActiveCfg = Debug|Any CPU
		{829A5C85-7474-4DAC-B30B-A82AA9C7E488}.Debug|Any CPU.Build.0 = Debug|Any CPU
		{829A5C85-7474-4DAC-B30B-A82AA9C7E488}.Release|Any CPU.ActiveCfg = Release|Any CPU
		{829A5C85-7474-4DAC-B30B-A82AA9C7E488}.Release|Any CPU.Build.0 = Release|Any CPU
		{9F7A9C9A-E466-4B70-A26E-4EE082BE44D5}.Debug|Any CPU.ActiveCfg = Debug|Any CPU
		{9F7A9C9A-E466-4B70-A26E-4EE082BE44D5}.Debug|Any CPU.Build.0 = Debug|Any CPU
		{9F7A9C9A-E466-4B70-A26E-4EE082BE44D5}.Release|Any CPU.ActiveCfg = Release|Any CPU
		{9F7A9C9A-E466-4B70-A26E-4EE082BE44D5}.Release|Any CPU.Build.0 = Release|Any CPU
		{1329C036-CD36-40C1-86E4-A004B967A4CA}.Debug|Any CPU.ActiveCfg = Debug|Any CPU
		{1329C036-CD36-40C1-86E4-A004B967A4CA}.Debug|Any CPU.Build.0 = Debug|Any CPU
		{1329C036-CD36-40C1-86E4-A004B967A4CA}.Release|Any CPU.ActiveCfg = Release|Any CPU
		{1329C036-CD36-40C1-86E4-A004B967A4CA}.Release|Any CPU.Build.0 = Release|Any CPU
		{E837BB76-E897-406B-8A40-179531E53091}.Debug|Any CPU.ActiveCfg = Debug|Any CPU
		{E837BB76-E897-406B-8A40-179531E53091}.Debug|Any CPU.Build.0 = Debug|Any CPU
		{E837BB76-E897-406B-8A40-179531E53091}.Release|Any CPU.ActiveCfg = Release|Any CPU
		{E837BB76-E897-406B-8A40-179531E53091}.Release|Any CPU.Build.0 = Release|Any CPU
		{98028C61-D27B-4F9C-AF86-56BA002175EB}.Debug|Any CPU.ActiveCfg = Debug|Any CPU
		{98028C61-D27B-4F9C-AF86-56BA002175EB}.Debug|Any CPU.Build.0 = Debug|Any CPU
		{98028C61-D27B-4F9C-AF86-56BA002175EB}.Release|Any CPU.ActiveCfg = Release|Any CPU
		{98028C61-D27B-4F9C-AF86-56BA002175EB}.Release|Any CPU.Build.0 = Release|Any CPU
	EndGlobalSection
	GlobalSection(SolutionProperties) = preSolution
		HideSolutionNode = FALSE
	EndGlobalSection
	GlobalSection(NestedProjects) = preSolution
		{ACB3ABC5-62DD-47B9-8BFA-F87B00A7075A} = {FA6AE143-B927-4EF2-9F88-2CE1D6524FB6}
		{290F66E8-9E2D-4BB0-843E-0E156F508D13} = {FA6AE143-B927-4EF2-9F88-2CE1D6524FB6}
		{3734DADA-4309-4630-9170-7A9745176B33} = {2194276B-D7CF-468A-8064-A35890765C95}
		{AFD4C461-09EF-4A1E-9871-ED5C8E56DC69} = {2194276B-D7CF-468A-8064-A35890765C95}
		{E224190A-0A70-42A5-9F94-CBBBCC45B438} = {2194276B-D7CF-468A-8064-A35890765C95}
		{5E90D8A4-4C1A-4023-AE54-1F6E5BC8D811} = {46D813A7-D86C-4FF9-97BD-8B2C6B3AAF83}
		{EE8774E2-69DF-4DF5-B6F1-49B88F076AE7} = {6C066C1D-7D3E-4D79-AAAF-0902C5E28105}
		{9B052594-225B-43E4-8BD5-99D6D7BED8DF} = {6C066C1D-7D3E-4D79-AAAF-0902C5E28105}
		{F3A5A43A-0C5C-4116-9458-99F85E404298} = {6C066C1D-7D3E-4D79-AAAF-0902C5E28105}
		{2E5ADD0D-AA20-43A0-8685-4C4C3C44A58F} = {6C066C1D-7D3E-4D79-AAAF-0902C5E28105}
		{773304EA-62ED-44FE-A5EB-AD073B74F768} = {6C066C1D-7D3E-4D79-AAAF-0902C5E28105}
		{B80373A1-1733-4548-A920-EF709B2DB5E7} = {0A28E148-2A4B-402E-A891-024005C9BF14}
		{5545F46A-D53B-4E68-97AC-B43697AA0007} = {0A28E148-2A4B-402E-A891-024005C9BF14}
		{76A7D754-F89B-4FBC-BEB8-76DA3BC1EF98} = {849764C1-6F0C-4090-BF6D-2EDFB8DC3579}
		{43B90B31-3DC7-4998-89F8-FD4A4E528526} = {849764C1-6F0C-4090-BF6D-2EDFB8DC3579}
		{660F419A-581A-437D-B1B3-866F2DB07893} = {197088CC-594E-42F1-BAD6-5B3374CCD5E9}
		{01DBADDB-53DC-4B54-8051-0296113B00F8} = {97DF5E24-82C1-46A3-87C5-0F844F486A4A}
		{78CB191F-B7AF-407E-B331-DBAB6FA5579E} = {97DF5E24-82C1-46A3-87C5-0F844F486A4A}
		{6AFABADC-CF93-40DF-9B60-0AA80DA254C8} = {355E7C8F-20D3-49F7-925C-E4DBBE411881}
		{63DF783B-7AF2-4C52-A444-88E0B6520C48} = {C5F051D7-D714-4802-99A5-3676ACB0DDD4}
		{915798DE-7418-4FE4-8436-0C1B957DF4CD} = {C5F051D7-D714-4802-99A5-3676ACB0DDD4}
		{08C7BB1E-254D-4CA7-88C7-E61629CD92FD} = {030CC8E5-E5FB-46F6-AD5F-6D2AF7F1D2A8}
		{829A5C85-7474-4DAC-B30B-A82AA9C7E488} = {030CC8E5-E5FB-46F6-AD5F-6D2AF7F1D2A8}
		{9F7A9C9A-E466-4B70-A26E-4EE082BE44D5} = {98C4CD00-3BE5-4D36-B478-CCECE799BD13}
		{1329C036-CD36-40C1-86E4-A004B967A4CA} = {98C4CD00-3BE5-4D36-B478-CCECE799BD13}
		{E837BB76-E897-406B-8A40-179531E53091} = {64E66351-0627-48A9-A425-87F8F3EB81B6}
		{98028C61-D27B-4F9C-AF86-56BA002175EB} = {7A62C406-B648-4806-AD91-B3FD6E0554D6}
	EndGlobalSection
	GlobalSection(ExtensibilityGlobals) = postSolution
		SolutionGuid = {A0A3E511-DB2B-4164-8C37-355E3959CECF}
	EndGlobalSection
EndGlobal
